
Microsoft Visual Studio Solution File, Format Version 12.00
# Visual Studio Version 17
VisualStudioVersion = 17.0.31903.59
MinimumVisualStudioVersion = 10.0.40219.1
Project("{2150E333-8FDC-42A3-9474-1A3956D46DE8}") = "Server", "Server", "{EB3D683D-94FC-4600-A46F-AFB6E23E9BCB}"
EndProject
Project("{FAE04EC0-301F-11D3-BF4B-00C04F79EFBC}") = "Entities", "Server\Entities\Entities.csproj", "{AC87EBFB-7C9D-44E9-A313-403C83BC990C}"
EndProject
Project("{FAE04EC0-301F-11D3-BF4B-00C04F79EFBC}") = "RepositoryContracts", "Server\RepositoryContracts\RepositoryContracts.csproj", "{D8470537-4848-4C5F-B26E-12F3E089E359}"
EndProject
Project("{FAE04EC0-301F-11D3-BF4B-00C04F79EFBC}") = "InMemoryRepositories", "Server\InMemoryRepositories\InMemoryRepositories.csproj", "{D208973E-00D6-40F5-8516-B34C97225A46}"
EndProject
Project("{FAE04EC0-301F-11D3-BF4B-00C04F79EFBC}") = "ConsoleDemo", "Server\ConsoleDemo\ConsoleDemo.csproj", "{072A0608-CD5F-4409-BF52-17926716A7DE}"
EndProject
Global
	GlobalSection(SolutionConfigurationPlatforms) = preSolution
		Debug|Any CPU = Debug|Any CPU
		Release|Any CPU = Release|Any CPU
	EndGlobalSection
	GlobalSection(SolutionProperties) = preSolution
		HideSolutionNode = FALSE
	EndGlobalSection
	GlobalSection(ProjectConfigurationPlatforms) = postSolution
		{AC87EBFB-7C9D-44E9-A313-403C83BC990C}.Debug|Any CPU.ActiveCfg = Debug|Any CPU
		{AC87EBFB-7C9D-44E9-A313-403C83BC990C}.Debug|Any CPU.Build.0 = Debug|Any CPU
		{AC87EBFB-7C9D-44E9-A313-403C83BC990C}.Release|Any CPU.ActiveCfg = Release|Any CPU
		{AC87EBFB-7C9D-44E9-A313-403C83BC990C}.Release|Any CPU.Build.0 = Release|Any CPU
		{D8470537-4848-4C5F-B26E-12F3E089E359}.Debug|Any CPU.ActiveCfg = Debug|Any CPU
		{D8470537-4848-4C5F-B26E-12F3E089E359}.Debug|Any CPU.Build.0 = Debug|Any CPU
		{D8470537-4848-4C5F-B26E-12F3E089E359}.Release|Any CPU.ActiveCfg = Release|Any CPU
		{D8470537-4848-4C5F-B26E-12F3E089E359}.Release|Any CPU.Build.0 = Release|Any CPU
		{D208973E-00D6-40F5-8516-B34C97225A46}.Debug|Any CPU.ActiveCfg = Debug|Any CPU
		{D208973E-00D6-40F5-8516-B34C97225A46}.Debug|Any CPU.Build.0 = Debug|Any CPU
		{D208973E-00D6-40F5-8516-B34C97225A46}.Release|Any CPU.ActiveCfg = Release|Any CPU
		{D208973E-00D6-40F5-8516-B34C97225A46}.Release|Any CPU.Build.0 = Release|Any CPU
		{072A0608-CD5F-4409-BF52-17926716A7DE}.Debug|Any CPU.ActiveCfg = Debug|Any CPU
		{072A0608-CD5F-4409-BF52-17926716A7DE}.Debug|Any CPU.Build.0 = Debug|Any CPU
		{072A0608-CD5F-4409-BF52-17926716A7DE}.Release|Any CPU.ActiveCfg = Release|Any CPU
		{072A0608-CD5F-4409-BF52-17926716A7DE}.Release|Any CPU.Build.0 = Release|Any CPU
	EndGlobalSection
	GlobalSection(NestedProjects) = preSolution
		{AC87EBFB-7C9D-44E9-A313-403C83BC990C} = {EB3D683D-94FC-4600-A46F-AFB6E23E9BCB}
		{D8470537-4848-4C5F-B26E-12F3E089E359} = {EB3D683D-94FC-4600-A46F-AFB6E23E9BCB}
		{D208973E-00D6-40F5-8516-B34C97225A46} = {EB3D683D-94FC-4600-A46F-AFB6E23E9BCB}
		{072A0608-CD5F-4409-BF52-17926716A7DE} = {EB3D683D-94FC-4600-A46F-AFB6E23E9BCB}
	EndGlobalSection
EndGlobal
